
Microsoft Visual Studio Solution File, Format Version 12.00
# Visual Studio Version 17
VisualStudioVersion = 17.9.34728.123
MinimumVisualStudioVersion = 10.0.40219.1
Project("{9A19103F-16F7-4668-BE54-9A1E7A4F7556}") = "BooksProject", "BooksProject.csproj", "{12AB7906-9526-45FB-97FB-19A8AE220F37}"
EndProject
Project("{FAE04EC0-301F-11D3-BF4B-00C04F79EFBC}") = "DataAccessLayer", "..\DataAccessLayer\DataAccessLayer.csproj", "{520C609B-B4B4-4A51-83D7-9406EF984B2E}"
EndProject
Global
	GlobalSection(SolutionConfigurationPlatforms) = preSolution
		Debug|Any CPU = Debug|Any CPU
		Release|Any CPU = Release|Any CPU
	EndGlobalSection
	GlobalSection(ProjectConfigurationPlatforms) = postSolution
		{12AB7906-9526-45FB-97FB-19A8AE220F37}.Debug|Any CPU.ActiveCfg = Debug|Any CPU
		{12AB7906-9526-45FB-97FB-19A8AE220F37}.Debug|Any CPU.Build.0 = Debug|Any CPU
		{12AB7906-9526-45FB-97FB-19A8AE220F37}.Release|Any CPU.ActiveCfg = Release|Any CPU
		{12AB7906-9526-45FB-97FB-19A8AE220F37}.Release|Any CPU.Build.0 = Release|Any CPU
		{520C609B-B4B4-4A51-83D7-9406EF984B2E}.Debug|Any CPU.ActiveCfg = Debug|Any CPU
		{520C609B-B4B4-4A51-83D7-9406EF984B2E}.Debug|Any CPU.Build.0 = Debug|Any CPU
		{520C609B-B4B4-4A51-83D7-9406EF984B2E}.Release|Any CPU.ActiveCfg = Release|Any CPU
		{520C609B-B4B4-4A51-83D7-9406EF984B2E}.Release|Any CPU.Build.0 = Release|Any CPU
	EndGlobalSection
	GlobalSection(SolutionProperties) = preSolution
		HideSolutionNode = FALSE
	EndGlobalSection
	GlobalSection(ExtensibilityGlobals) = postSolution
		SolutionGuid = {16F729BA-5899-4A7A-844E-C7E07785DB26}
	EndGlobalSection
EndGlobal
