
Microsoft Visual Studio Solution File, Format Version 12.00
# Visual Studio Version 17
VisualStudioVersion = 17.10.34916.146
MinimumVisualStudioVersion = 10.0.40219.1
Project("{FAE04EC0-301F-11D3-BF4B-00C04F79EFBC}") = "BackEnd", "BackEnd\BackEnd.csproj", "{8512785C-0A29-42BC-9EE5-29DADF1F634B}"
EndProject
Project("{FAE04EC0-301F-11D3-BF4B-00C04F79EFBC}") = "BackEnd.BAL", "BackEnd.BAL\BackEnd.BAL.csproj", "{1FD25C3A-6608-482E-BEDB-9C0DCE1F5201}"
EndProject
Project("{FAE04EC0-301F-11D3-BF4B-00C04F79EFBC}") = "BackEnd.DAL", "BackEnd.DAL\BackEnd.DAL.csproj", "{9418F6FB-8E6D-4B7B-9DCE-B4AAE473FBC0}"
EndProject
Project("{FAE04EC0-301F-11D3-BF4B-00C04F79EFBC}") = "BackEnd.Entity", "BackEnd.Entity\BackEnd.Entity.csproj", "{3CFE2E25-D4B3-44B8-80CA-6C28DD8D9DF0}"
EndProject
Global
	GlobalSection(SolutionConfigurationPlatforms) = preSolution
		Debug|Any CPU = Debug|Any CPU
		Release|Any CPU = Release|Any CPU
	EndGlobalSection
	GlobalSection(ProjectConfigurationPlatforms) = postSolution
		{8512785C-0A29-42BC-9EE5-29DADF1F634B}.Debug|Any CPU.ActiveCfg = Debug|Any CPU
		{8512785C-0A29-42BC-9EE5-29DADF1F634B}.Debug|Any CPU.Build.0 = Debug|Any CPU
		{8512785C-0A29-42BC-9EE5-29DADF1F634B}.Release|Any CPU.ActiveCfg = Release|Any CPU
		{8512785C-0A29-42BC-9EE5-29DADF1F634B}.Release|Any CPU.Build.0 = Release|Any CPU
		{1FD25C3A-6608-482E-BEDB-9C0DCE1F5201}.Debug|Any CPU.ActiveCfg = Debug|Any CPU
		{1FD25C3A-6608-482E-BEDB-9C0DCE1F5201}.Debug|Any CPU.Build.0 = Debug|Any CPU
		{1FD25C3A-6608-482E-BEDB-9C0DCE1F5201}.Release|Any CPU.ActiveCfg = Release|Any CPU
		{1FD25C3A-6608-482E-BEDB-9C0DCE1F5201}.Release|Any CPU.Build.0 = Release|Any CPU
		{9418F6FB-8E6D-4B7B-9DCE-B4AAE473FBC0}.Debug|Any CPU.ActiveCfg = Debug|Any CPU
		{9418F6FB-8E6D-4B7B-9DCE-B4AAE473FBC0}.Debug|Any CPU.Build.0 = Debug|Any CPU
		{9418F6FB-8E6D-4B7B-9DCE-B4AAE473FBC0}.Release|Any CPU.ActiveCfg = Release|Any CPU
		{9418F6FB-8E6D-4B7B-9DCE-B4AAE473FBC0}.Release|Any CPU.Build.0 = Release|Any CPU
		{3CFE2E25-D4B3-44B8-80CA-6C28DD8D9DF0}.Debug|Any CPU.ActiveCfg = Debug|Any CPU
		{3CFE2E25-D4B3-44B8-80CA-6C28DD8D9DF0}.Debug|Any CPU.Build.0 = Debug|Any CPU
		{3CFE2E25-D4B3-44B8-80CA-6C28DD8D9DF0}.Release|Any CPU.ActiveCfg = Release|Any CPU
		{3CFE2E25-D4B3-44B8-80CA-6C28DD8D9DF0}.Release|Any CPU.Build.0 = Release|Any CPU
	EndGlobalSection
	GlobalSection(SolutionProperties) = preSolution
		HideSolutionNode = FALSE
	EndGlobalSection
	GlobalSection(ExtensibilityGlobals) = postSolution
		SolutionGuid = {93D35C24-B08D-4992-B170-1F6A77C6C9AD}
	EndGlobalSection
EndGlobal
